github.com/google/go-cmp v0.5.4 h1:L8R9j+yAqZuZjsqh/z+F1NCffTKKLShY6zXTItVIZ8M=
github.com/google/go-cmp v0.5.4/go.mod h1:v8dTdLbMG2kIc/vJvl+f65V22dbkXbowE6jgT/gNBxE=
golang.org/x/xerrors v0.0.0-20200804184101-5ec99f83aff1 h1:go1bK/D/BFZV2I8cIQd1NKEZ+0owSTG1fDTci4IqFcE=
golang.org/x/xerrors v0.0.0-20200804184101-5ec99f83aff1/go.mod h1:I/5z698sn9Ka8TeJc9MKroUUfqBBauWjQqLJ2OPfmY0=
zombiezen.com/go/nix v0.0.0-20250514174927-d97ab08b45de h1:X37qVOQIIuiEfWf+P4bMpaVPKr9mdwmj2sj3dj7UY18=
zombiezen.com/go/nix v0.0.0-20250514174927-d97ab08b45de/go.mod h1:3/4h+nWUdD9F6De1g7zBvgn4RyryS+mnK5JiW2JHRe8=
